
Microsoft Visual Studio Solution File, Format Version 12.00
# Visual Studio Version 17
VisualStudioVersion = 17.7.33913.275
MinimumVisualStudioVersion = 10.0.40219.1
Project("{9A19103F-16F7-4668-BE54-9A1E7A4F7556}") = "TeacherReviews.API", "TeacherReviews.API\TeacherReviews.API.csproj", "{A14CD0A0-2F7B-4306-8370-FDC800C3E489}"
EndProject
Project("{9A19103F-16F7-4668-BE54-9A1E7A4F7556}") = "TeacherReviews.Domain", "TeacherReviews.Domain\TeacherReviews.Domain.csproj", "{5DE5F972-8F06-4273-AF60-4F936319E3E7}"
EndProject
Global
	GlobalSection(SolutionConfigurationPlatforms) = preSolution
		Debug|Any CPU = Debug|Any CPU
		Release|Any CPU = Release|Any CPU
	EndGlobalSection
	GlobalSection(ProjectConfigurationPlatforms) = postSolution
		{A14CD0A0-2F7B-4306-8370-FDC800C3E489}.Debug|Any CPU.ActiveCfg = Debug|Any CPU
		{A14CD0A0-2F7B-4306-8370-FDC800C3E489}.Debug|Any CPU.Build.0 = Debug|Any CPU
		{A14CD0A0-2F7B-4306-8370-FDC800C3E489}.Release|Any CPU.ActiveCfg = Release|Any CPU
		{A14CD0A0-2F7B-4306-8370-FDC800C3E489}.Release|Any CPU.Build.0 = Release|Any CPU
		{5DE5F972-8F06-4273-AF60-4F936319E3E7}.Debug|Any CPU.ActiveCfg = Debug|Any CPU
		{5DE5F972-8F06-4273-AF60-4F936319E3E7}.Debug|Any CPU.Build.0 = Debug|Any CPU
		{5DE5F972-8F06-4273-AF60-4F936319E3E7}.Release|Any CPU.ActiveCfg = Release|Any CPU
		{5DE5F972-8F06-4273-AF60-4F936319E3E7}.Release|Any CPU.Build.0 = Release|Any CPU
	EndGlobalSection
	GlobalSection(SolutionProperties) = preSolution
		HideSolutionNode = FALSE
	EndGlobalSection
	GlobalSection(ExtensibilityGlobals) = postSolution
		SolutionGuid = {AC867290-648D-4C6D-973C-7E38B29D7114}
	EndGlobalSection
EndGlobal
